
Microsoft Visual Studio Solution File, Format Version 12.00
# Visual Studio Version 16
VisualStudioVersion = 16.0.31025.194
MinimumVisualStudioVersion = 10.0.40219.1
Project("{FAE04EC0-301F-11D3-BF4B-00C04F79EFBC}") = "Wpf_Chart", "Wpf_Chart\Wpf_Chart.csproj", "{FCEC2602-78AD-46D7-A3A1-76C75078E472}"
EndProject
Global
	GlobalSection(SolutionConfigurationPlatforms) = preSolution
		Debug|Any CPU = Debug|Any CPU
		Release|Any CPU = Release|Any CPU
	EndGlobalSection
	GlobalSection(ProjectConfigurationPlatforms) = postSolution
		{FCEC2602-78AD-46D7-A3A1-76C75078E472}.Debug|Any CPU.ActiveCfg = Debug|Any CPU
		{FCEC2602-78AD-46D7-A3A1-76C75078E472}.Debug|Any CPU.Build.0 = Debug|Any CPU
		{FCEC2602-78AD-46D7-A3A1-76C75078E472}.Release|Any CPU.ActiveCfg = Release|Any CPU
		{FCEC2602-78AD-46D7-A3A1-76C75078E472}.Release|Any CPU.Build.0 = Release|Any CPU
	EndGlobalSection
	GlobalSection(SolutionProperties) = preSolution
		HideSolutionNode = FALSE
	EndGlobalSection
	GlobalSection(ExtensibilityGlobals) = postSolution
		SolutionGuid = {B94942E9-A700-4DB9-B701-7D0C3CB305E9}
	EndGlobalSection
EndGlobal
